version = 1
revision = 3
requires-python = "==3.13.*"

[[package]]
name = "annotated-doc"
version = "0.0.5"
source = { registry = "https://pypi.org/simple" }
sdist = { url = "https://files.pythonhosted.org/packages/5a/8e/38aa427ed5402449e226975b649c5dc73ccadfefeb95e6aecb8f8ea4b6b6/annotated_doc-0.0.5.tar.gz", hash = "sha256:c7e58ce09192557605d8bbd92836d7e1d520ac9580096042c0bfd197efacf1bb", size = 10758, upload-time = "2026-07-28T13:50:58.129Z" }
wheels = [
    { url = "https://files.pythonhosted.org/packages/3e/30/e900b21425a860e195f32e37657aa1f7c7f2b1bfb26f03ca209b90933c06/annotated_doc-0.0.5-py3-none-any.whl", hash = "sha256:117bac03a25ede5df5440e855b32d556049ca169ead221505badf432fed4b101", size = 5302, upload-time = "2026-07-28T13:50:57.239Z" },
]

[[package]]
name = "annotated-types"
version = "0.8.0"
source = { registry = "https://pypi.org/simple" }
sdist = { url = "https://files.pythonhosted.org/packages/5f/56/a8120250d128bed162cd73c76d45f6ef9991f3e068f62a8ee060afa3104a/annotated_types-0.8.0.tar.gz", hash = "sha256:13b2beaad985e05e2d6407ee4c4f35590b11f8d693a258a561055cac8f64cab7", size = 15893, upload-time = "2026-07-23T20:16:13.995Z" }
wheels = [
    { url = "https://files.pythonhosted.org/packages/99/91/8acff4f5e50511b911bbccb72b8628a49c68ce14148cd9f6431094859a90/annotated_types-0.8.0-py3-none-any.whl", hash = "sha256:f072f4d804ea359e4eaf198b1af7a8b0943881a87f31bb764f8bf219bb9419e0", size = 13427, upload-time = "2026-07-23T20:16:12.938Z" },
]

[[package]]
name = "anyio"
version = "4.15.1"
source = { registry = "https://pypi.org/simple" }
dependencies = [
    { name = "idna" },
    { name = "typing-extensions" },
]
sdist = { url = "https://files.pythonhosted.org/packages/a9/d2/f4d173e22df740bc37b1db102b386ba719b66e95b0f0d751f556b387e6d2/anyio-4.15.1.tar.gz", hash = "sha256:9f28306018cbd6d329e64a36d58256edff76dd996fe423bc957326e578b82a94", size = 276966, upload-time = "2026-09-05T10:42:39.44Z" }
wheels = [
    { url = "https://files.pythonhosted.org/packages/12/b8/4bd346e22b28902df4d651910f5242c28d84e4a5c2435ca5c3f797ed7e2e/anyio-4.15.1-py3-none-any.whl", hash = "sha256:6152fdbbf9a77fdec97731721bebf7c4c44f7c29b424b0065826173efc7ed101", size = 132079, upload-time = "2026-09-05T10:42:37.923Z" },
]

[[package]]
name = "colorama"
version = "0.4.6"
source = { registry = "https://pypi.org/simple" }
sdist = { url = "https://files.pythonhosted.org/packages/d8/53/6f443c9a4a8358a93a6792e2acffb9d9d5cb0a5cfd8802644b7b1c9a02e4/colorama-0.4.6.tar.gz", hash = "sha256:08695f5cb7ed6e0531a20572697297273c47b8cae5a63ffc6d6ed5c201be6e44", size = 27697, upload-time = "2022-10-25T02:36:22.414Z" }
wheels = [
    { url = "https://files.pythonhosted.org/packages/d1/d6/3965ed04c63042e047cb6a3e6ed1a63a35087b6a609aa3a15ed8ac56c221/colorama-0.4.6-py2.py3-none-any.whl", hash = "sha256:4f1d9991f5acc0ca119f9d443620b77f9d6b33703e51011c16baf57afb285fc6", size = 25335, upload-time = "2022-10-25T02:36:20.889Z" },
]

[[package]]
name = "coverage"
version = "7.16.1"
source = { registry = "https://pypi.org/simple" }
sdist = { url = "https://files.pythonhosted.org/packages/65/2d/c738872f477f5687152acae68635790387425d407ae37dd3d3a8a6692307/coverage-7.16.1.tar.gz", hash = "sha256:f83981779bcf9dfa06fa0a8d4cb43e0faec1706328ce07aa3e7b665b4ac0f210", size = 969651, upload-time = "2026-09-13T19:12:21.422Z" }
wheels = [
    { url = "https://files.pythonhosted.org/packages/aa/74/c08c0c4dc9fa6bcd1d90728a63660aa1b17b488a806948598456c48f75d1/coverage-7.16.1-cp313-cp313-macosx_10_13_x86_64.whl", hash = "sha256:ee5465db6e9152a7d09f3215309326878c6aa3ac509195a369f9d264ff4bfbd9", size = 223501, upload-time = "2026-09-13T19:09:37.276Z" },
    { url = "https://files.pythonhosted.org/packages/5b/c8/784986d326663285258a8e39835c46fb730cc85284f0dbcd82078586dd22/coverage-7.16.1-cp313-cp313-macosx_11_0_arm64.whl", hash = "sha256:2b8256f8b525ba233d2e4cdcdce0d6673c66fc9bf70df1fd5e67c54a74e2d245", size = 223876, upload-time = "2026-09-13T19:09:39.385Z" },
    { url = "https://files.pythonhosted.org/packages/15/76/73fb792928872bbb07e553f920ff55c65ee962c469265feb5d1d4ae5f97a/coverage-7.16.1-cp313-cp313-manylinux1_i686.manylinux_2_28_i686.manylinux_2_5_i686.whl", hash = "sha256:d57cc400275b9a2892e905fc893f732b21ddb95271bf96406c88e2f6367848b5", size = 254863, upload-time = "2026-09-13T19:09:41.326Z" },
    { url = "https://files.pythonhosted.org/packages/ca/8d/1fd78899513244b065ccecdd1cfc6aa8b8f1bdee796d8c4f2aa8e8e5397d/coverage-7.16.1-cp313-cp313-manylinux1_x86_64.manylinux_2_28_x86_64.manylinux_2_5_x86_64.whl", hash = "sha256:6b3fd0f3435ebb7a7183b32a6062a8b755f08242ced1f3f22761d30b56b3c2a5", size = 257460, upload-time = "2026-09-13T19:09:43.086Z" },
    { url = "https://files.pythonhosted.org/packages/47/1c/b23ddfcb7ef9bd7b3fdb7be9a5dccf9925ae88e556df7aa5b655283c78f2/coverage-7.16.1-cp313-cp313-manylinux2014_aarch64.manylinux_2_17_aarch64.manylinux_2_28_aarch64.whl", hash = "sha256:e5eb1762e7eb5fad34ef913e8107c7788a66f19d328e598ce95bf7217f9e5c8f", size = 258697, upload-time = "2026-09-13T19:09:45.161Z" },
    { url = "https://files.pythonhosted.org/packages/1c/c9/19d0c6ca35778a7e9415c30c46a0c64c9d4374219d004a35563132296896/coverage-7.16.1-cp313-cp313-manylinux2014_ppc64le.manylinux_2_17_ppc64le.manylinux_2_28_ppc64le.whl", hash = "sha256:46cd3a73e9140410de62cceb66214bce0e08fb3922b9176fbfc1522fec151b41", size = 260827, upload-time = "2026-09-13T19:09:47.061Z" },
    { url = "https://files.pythonhosted.org/packages/97/fc/5862f7344382c62b85df43d483e579168cc062e007f54d895dfa51fe3e7d/coverage-7.16.1-cp313-cp313-manylinux_2_31_riscv64.manylinux_2_39_riscv64.whl", hash = "sha256:d1ba5142d68dd2cb775cbd0ac8601819298152047803c8efe4eec6d7d7aa7878", size = 255038, upload-time = "2026-09-13T19:09:48.945Z" },
    { url = "https://files.pythonhosted.org/packages/2e/9f/5c26583199a68df8d15124b4590520903f8eb7cef17db293fea712bb0783/coverage-7.16.1-cp313-cp313-musllinux_1_2_aarch64.whl", hash = "sha256:c389c6f9d1d518e1249ddcb8a7f158135644ce2c508fa6cc17b680777dad5bf2", size = 256827, upload-time = "2026-09-13T19:09:50.738Z" },
    { url = "https://files.pythonhosted.org/packages/95/13/605198bff079b107336710f28a797312ab132587168600d70a290e7ecd2e/coverage-7.16.1-cp313-cp313-musllinux_1_2_i686.whl", hash = "sha256:cdc57746c7ac0ea063351b4d651c3bb4dd4fd35e64dbb8e90c10e14eb03c4080", size = 254794, upload-time = "2026-09-13T19:09:52.577Z" },
    { url = "https://files.pythonhosted.org/packages/43/b7/0bbb32dc5ccdac766a13763fdfbffd7d73fc80349a69230c46c6b71e7508/coverage-7.16.1-cp313-cp313-musllinux_1_2_ppc64le.whl", hash = "sha256:5597180ed7670cc94c04c65347418a467d3a43d5f0cf52fcac647f5425f42037", size = 258947, upload-time = "2026-09-13T19:09:54.372Z" },
    { url = "https://files.pythonhosted.org/packages/13/bd/65c31ddd43ff4e61b63721b3dad17cca412dba6e2ce89f92abdf75734339/coverage-7.16.1-cp313-cp313-musllinux_1_2_riscv64.whl", hash = "sha256:a9647a0ac46255b8fef59a433a2161f03e5483f3a35e1cbd9dfe4600baff0c6b", size = 254613, upload-time = "2026-09-13T19:09:56.198Z" },
    { url = "https://files.pythonhosted.org/packages/25/20/d278115f2ba522b3e3128c6852be265f4e0df7202b2effca4db96cf0217d/coverage-7.16.1-cp313-cp313-musllinux_1_2_x86_64.whl", hash = "sha256:e306e98186b9cd109121f3583aeb7978797ad21d948f22944c5c08845cd554d0", size = 256388, upload-time = "2026-09-13T19:09:58.095Z" },
    { url = "https://files.pythonhosted.org/packages/e1/ca/d43aa396fb3a2f71c9411b99d926475f5acaf5c124f605c592865c80c8d5/coverage-7.16.1-cp313-cp313-win32.whl", hash = "sha256:48a78a66fcce49d7f6156524bf979c0ac633d584199717c68c6ffa949fc14e6a", size = 225550, upload-time = "2026-09-13T19:09:59.998Z" },
    { url = "https://files.pythonhosted.org/packages/0e/30/df2f6114f6a17cffe94721bd1d298f77f86aad493717fa5bc03cb291a1a6/coverage-7.16.1-cp313-cp313-win_amd64.whl", hash = "sha256:7af03247d598a353bbbbe1b925deb735276e4d845e7197c4073dc89352b236fa", size = 226091, upload-time = "2026-09-13T19:10:02.331Z" },
    { url = "https://files.pythonhosted.org/packages/ee/31/6f90d8aab72a112492bd50e3b5485b53b772b1f5fa70da0a620e723caae6/coverage-7.16.1-cp313-cp313-win_arm64.whl", hash = "sha256:166adae25b05b04c9a84135912066d9c97482115af38df1a419a38aacc6b6f5d", size = 225481, upload-time = "2026-09-13T19:10:04.151Z" },
    { url = "https://files.pythonhosted.org/packages/96/1a/d6d16babd0a5fe4c3fae40702158c570351694e74516d8d81b86c5637448/coverage-7.16.1-py3-none-any.whl", hash = "sha256:3d8bd4e58b6a5c2018d808f297905393c6c61da466a48c3f0596a76a4900ebe4", size = 215264, upload-time = "2026-09-13T19:12:18.895Z" },
]

[[package]]
name = "fastapi"
version = "0.141.1"
source = { registry = "https://pypi.org/simple" }
dependencies = [
    { name = "annotated-doc" },
    { name = "pydantic" },
    { name = "starlette" },
    { name = "typing-extensions" },
    { name = "typing-inspection" },
]
sdist = { url = "https://files.pythonhosted.org/packages/8a/02/91e3416a8fdd715abb903a952a6bec7cdd8d14eed55d415fc8595524c319/fastapi-0.141.1.tar.gz", hash = "sha256:e8822fc40db1e1858054d7a949a888695bc9bdce70139178e33bd2871a453ca1", size = 425799, upload-time = "2026-07-29T17:18:05.568Z" }
wheels = [
    { url = "https://files.pythonhosted.org/packages/cb/03/10388a42375ee7e4ac9b94eb2c5c569c8b5795e377e701c9ac3ad63de890/fastapi-0.141.1-py3-none-any.whl", hash = "sha256:bfb91aa2d334c61cb35ba9a116fc123b3d3df31640b801cf57a7a78ec3f603b3", size = 131954, upload-time = "2026-07-29T17:18:04.364Z" },
]

[[package]]
name = "grounded-ops"
version = "0.1.0"
source = { editable = "." }
dependencies = [
    { name = "fastapi" },
]

[package.dev-dependencies]
dev = [
    { name = "mypy" },
    { name = "pytest" },
    { name = "pytest-cov" },
    { name = "ruff" },
]

[package.metadata]
requires-dist = [{ name = "fastapi", specifier = ">=0.118.0,<1.0.0" }]

[package.metadata.requires-dev]
dev = [
    { name = "mypy", specifier = ">=1.18.0,<2.0.0" },
    { name = "pytest", specifier = ">=8.4.0,<9.0.0" },
    { name = "pytest-cov", specifier = ">=6.0.0,<7.0.0" },
    { name = "ruff", specifier = ">=0.12.0,<1.0.0" },
]

[[package]]
name = "idna"
version = "3.19"
source = { registry = "https://pypi.org/simple" }
sdist = { url = "https://files.pythonhosted.org/packages/5f/f7/abb373e5757eaec4b922b92f97ec8d6d7e057cf06778247604fbc4e7c3f3/idna-3.19.tar.gz", hash = "sha256:5e0811a4383b21dc5838069f801c4fb62113b7447663d2530d2bd6e77b49bf15", size = 215237, upload-time = "2026-08-18T05:14:24.27Z" }
wheels = [
    { url = "https://files.pythonhosted.org/packages/57/b0/0e52c878c53f245edd3a11020f20979b3f490f245af532c7cae3027754b5/idna-3.19-py3-none-any.whl", hash = "sha256:815e7be7a7806d54abb586dc943addc79e8b2ee16915059658cbeff4b1b43bf4", size = 68550, upload-time = "2026-08-18T05:14:22.343Z" },
]

[[package]]
name = "iniconfig"
version = "2.3.0"
source = { registry = "https://pypi.org/simple" }
sdist = { url = "https://files.pythonhosted.org/packages/72/34/14ca021ce8e5dfedc35312d08ba8bf51fdd999c576889fc2c24cb97f4f10/iniconfig-2.3.0.tar.gz", hash = "sha256:c76315c77db068650d49c5b56314774a7804df16fee4402c1f19d6d15d8c4730", size = 20503, upload-time = "2025-10-18T21:55:43.219Z" }
wheels = [
    { url = "https://files.pythonhosted.org/packages/cb/b1/3846dd7f199d53cb17f49cba7e651e9ce294d8497c8c150530ed11865bb8/iniconfig-2.3.0-py3-none-any.whl", hash = "sha256:f631c04d2c48c52b84d0d0549c99ff3859c98df65b3101406327ecc7d53fbf12", size = 7484, upload-time = "2025-10-18T21:55:41.639Z" },
]

[[package]]
name = "librt"
version = "0.15.0"
source = { registry = "https://pypi.org/simple" }
sdist = { url = "https://files.pythonhosted.org/packages/36/9b/356320fbae2ac8467e21c5e73e1389c80468e4998c62cc7d3536cc51b614/librt-0.15.0.tar.gz", hash = "sha256:4e66cbe84437497d951b799d3e1551291b6fb3d643820a7014b3655d57a59162", size = 214338, upload-time = "2026-08-07T10:49:42.663Z" }
wheels = [
    { url = "https://files.pythonhosted.org/packages/e7/42/467b53a601b406ccd7b97c1fd54b59cb34f9185ad5ce7e9d5c3c4e8961c8/librt-0.15.0-cp313-cp313-macosx_10_13_x86_64.whl", hash = "sha256:db13ca398005abcbe538deda87b686d9bd08b7001cf40c4c06b444960ae10a26", size = 151029, upload-time = "2026-08-07T10:47:19.312Z" },
    { url = "https://files.pythonhosted.org/packages/3e/e6/36c2299b7a94b84fdd01220d8a777a71be5be0925bb0dbdf71c0a06a34d9/librt-0.15.0-cp313-cp313-macosx_11_0_arm64.whl", hash = "sha256:aa1f1995789dca3698bc550aaceb09a51bd5df0a057ff84ff15296cd1975b801", size = 155194, upload-time = "2026-08-07T10:47:20.398Z" },
    { url = "https://files.pythonhosted.org/packages/c9/b6/ed5071f9325845e670bd36012757419767fbf56af77ed483077b9e4db541/librt-0.15.0-cp313-cp313-manylinux2014_aarch64.manylinux_2_17_aarch64.manylinux_2_28_aarch64.whl", hash = "sha256:55456ea87d8df21808446d03817be2f65e20391c1c615d9187440dff28cd08dc", size = 502568, upload-time = "2026-08-07T10:47:21.652Z" },
    { url = "https://files.pythonhosted.org/packages/7f/81/6450c67c3615d87704bcbc21323fafc69c799b06a044c447529f725d4b01/librt-0.15.0-cp313-cp313-manylinux2014_i686.manylinux_2_17_i686.manylinux_2_28_i686.whl", hash = "sha256:5a86a5a08c2235316bdb359d5dbb6ce0abfca7fac06363103e2c5af571d92f95", size = 496153, upload-time = "2026-08-07T10:47:22.925Z" },
    { url = "https://files.pythonhosted.org/packages/e1/d6/5f52b722bc75076954b3bfd49be15ea362df4d580c6fb315d0f617100d30/librt-0.15.0-cp313-cp313-manylinux2014_ppc64le.manylinux_2_17_ppc64le.manylinux_2_28_ppc64le.whl", hash = "sha256:e56b6a368529bed262da40ce13f8fef590db0479819cca84f16a1f01ac356d0b", size = 513336, upload-time = "2026-08-07T10:47:24.213Z" },
    { url = "https://files.pythonhosted.org/packages/8d/e2/c08fd1d36ce63ea5a12b85c5d37f4550b5f86a692167e41e5a74222607ae/librt-0.15.0-cp313-cp313-manylinux2014_x86_64.manylinux_2_17_x86_64.manylinux_2_28_x86_64.whl", hash = "sha256:234d8d394721fa0d786af15ebf1f3fb7f3ed82fd1cd0cde45c2f247b5d4281d2", size = 531661, upload-time = "2026-08-07T10:47:25.507Z" },
    { url = "https://files.pythonhosted.org/packages/3f/d8/d9482fcbeb177b9eb87bb3899eeb3b42be690313c652f9e146b1d0681fb2/librt-0.15.0-cp313-cp313-manylinux_2_34_riscv64.manylinux_2_39_riscv64.whl", hash = "sha256:d8363d7accb0286ac3a0e633f396e93800dafb8150494505daf9515bbda591f3", size = 524487, upload-time = "2026-08-07T10:47:26.79Z" },
    { url = "https://files.pythonhosted.org/packages/10/cc/075171517b41f861753034fbb151b42cfc83bcc853849f24f5e66fd60ccf/librt-0.15.0-cp313-cp313-musllinux_1_2_aarch64.whl", hash = "sha256:0f0ee3644d951f31055ad07d77d92520e84505dd7a432cc4cd501dd70ee06785", size = 543201, upload-time = "2026-08-07T10:47:27.999Z" },
    { url = "https://files.pythonhosted.org/packages/b0/03/42c2330f37eeb475b6affeedd06518f60035f323af3a839335e3fc9fef2d/librt-0.15.0-cp313-cp313-musllinux_1_2_i686.whl", hash = "sha256:2cfd1a81a648806e6a7717be4cc4d1bb392fa229752bf8444ba365e381e984d6", size = 546467, upload-time = "2026-08-07T10:47:29.396Z" },
    { url = "https://files.pythonhosted.org/packages/57/1e/1ad4c5638f7e64d8560328bd25c54b409a661bdb6ff254b38ff90744288d/librt-0.15.0-cp313-cp313-musllinux_1_2_ppc64le.whl", hash = "sha256:a6cd22c9da0d866558e46a041f1cc0c2bbb26b61b137b2347fa834c332e1d101", size = 555139, upload-time = "2026-08-07T10:47:30.815Z" },
    { url = "https://files.pythonhosted.org/packages/49/41/39fa7d15db1204cd1cbe6514680fbdc243adf754a0885061308f43afc013/librt-0.15.0-cp313-cp313-musllinux_1_2_riscv64.whl", hash = "sha256:6d5225ef8801e4ea5e482fa9b5dfb891dd9ef6f6d870f1f25d449ca2c70ac218", size = 536050, upload-time = "2026-08-07T10:47:32.222Z" },
    { url = "https://files.pythonhosted.org/packages/1e/88/c6dcf0dd8e26dc0c9a499a2abab8646c86dcaf9ecea9524cb46d3686331a/librt-0.15.0-cp313-cp313-musllinux_1_2_x86_64.whl", hash = "sha256:6d28a05796b99f749bf8794f17ba9ba1612d0076b802e9cfc62c554634e9ce3b", size = 573700, upload-time = "2026-08-07T10:47:33.527Z" },
    { url = "https://files.pythonhosted.org/packages/1b/9b/ab54c71a7918a7c34fa5327fb61390a77446a07a146fbfb1165250a61035/librt-0.15.0-cp313-cp313-pyemscripten_2025_0_wasm32.whl", hash = "sha256:2067ff438048cead9d223ca5675bae2a25e520a7c3e6c1498bf9c6892d22caab", size = 82194, upload-time = "2026-08-07T10:47:34.835Z" },
    { url = "https://files.pythonhosted.org/packages/8d/b2/4f9a243bb892395f3becb80789ade13771701091f9f07ab8230247953ba8/librt-0.15.0-cp313-cp313-win32.whl", hash = "sha256:1cd3b721f24c206398b9e26da3c3a9c011e6e89d06f318ba8ebefc30f1003890", size = 106231, upload-time = "2026-08-07T10:47:36.251Z" },
    { url = "https://files.pythonhosted.org/packages/bf/af/64aff4885a40b93132382f2c314647d722574605416504379184ef3045ea/librt-0.15.0-cp313-cp313-win_amd64.whl", hash = "sha256:f395a4a9a03ac062dbe9a9f82e0c720502e590a38feee6a757bc82e9c63afbd8", size = 126996, upload-time = "2026-08-07T10:47:37.453Z" },
    { url = "https://files.pythonhosted.org/packages/27/83/335bccf6c7cb9028cb0b54aead27d9ece3f01f83bc6baa2abace5da655c1/librt-0.15.0-cp313-cp313-win_arm64.whl", hash = "sha256:0a15cb554761247d84a3ec0cbdf4078d70725384f0e4662c0fa3b26266eb60ad", size = 112188, upload-time = "2026-08-07T10:47:38.729Z" },
]

[[package]]
name = "mypy"
version = "1.20.2"
source = { registry = "https://pypi.org/simple" }
dependencies = [
    { name = "librt", marker = "platform_python_implementation != 'PyPy'" },
    { name = "mypy-extensions" },
    { name = "pathspec" },
    { name = "typing-extensions" },
]
sdist = { url = "https://files.pythonhosted.org/packages/04/af/e3d4b3e9ec91a0ff9aabfdb38692952acf49bbb899c2e4c29acb3a6da3ae/mypy-1.20.2.tar.gz", hash = "sha256:e8222c26daaafd9e8626dec58ae36029f82585890589576f769a650dd20fd665", size = 3817349, upload-time = "2026-04-21T17:12:28.473Z" }
wheels = [
    { url = "https://files.pythonhosted.org/packages/5b/c4/b93812d3a192c9bcf5df405bd2f30277cd0e48106a14d1023c7f6ed6e39b/mypy-1.20.2-cp313-cp313-macosx_10_13_x86_64.whl", hash = "sha256:edfbfca868cdd6bd8d974a60f8a3682f5565d3f5c99b327640cedd24c4264026", size = 14524670, upload-time = "2026-04-21T17:10:30.737Z" },
    { url = "https://files.pythonhosted.org/packages/f3/47/42c122501bff18eaf1e8f457f5c017933452d8acdc52918a9f59f6812955/mypy-1.20.2-cp313-cp313-macosx_11_0_arm64.whl", hash = "sha256:e2877a02380adfcdbc69071a0f74d6e9dbbf593c0dc9d174e1f223ffd5281943", size = 13336218, upload-time = "2026-04-21T17:08:44.069Z" },
    { url = "https://files.pythonhosted.org/packages/92/8f/75bbc92f41725fbd585fb17b440b1119b576105df1013622983e18640a93/mypy-1.20.2-cp313-cp313-manylinux2014_aarch64.manylinux_2_17_aarch64.manylinux_2_28_aarch64.whl", hash = "sha256:7488448de6007cd5177c6cea0517ac33b4c0f5ee9b5e9f2be51ce75511a85517", size = 13724906, upload-time = "2026-04-21T17:08:01.02Z" },
    { url = "https://files.pythonhosted.org/packages/a1/32/4c49da27a606167391ff0c39aa955707a00edc500572e562f7c36c08a71f/mypy-1.20.2-cp313-cp313-manylinux2014_x86_64.manylinux_2_17_x86_64.manylinux_2_28_x86_64.whl", hash = "sha256:bb9c2fa06887e21d6a3a868762acb82aec34e2c6fd0174064f27c93ede68ad15", size = 14726046, upload-time = "2026-04-21T17:11:22.354Z" },
    { url = "https://files.pythonhosted.org/packages/7f/fc/4e354a1bd70216359deb0c9c54847ee6b32ef78dfb09f5131ff99b494078/mypy-1.20.2-cp313-cp313-musllinux_1_2_x86_64.whl", hash = "sha256:9d56a78b646f2e3daa865bc70cd5ec5a46c50045801ca8ff17a0c43abc97e3ee", size = 14955587, upload-time = "2026-04-21T17:12:16.033Z" },
    { url = "https://files.pythonhosted.org/packages/62/b2/c0f2056e9eb8f08c62cafd9715e4584b89132bdc832fcf85d27d07b5f3e5/mypy-1.20.2-cp313-cp313-win_amd64.whl", hash = "sha256:2a4102b03bb7481d9a91a6da8d174740c9c8c4401024684b9ca3b7cc5e49852f", size = 10922681, upload-time = "2026-04-21T17:06:35.842Z" },
    { url = "https://files.pythonhosted.org/packages/e5/14/065e333721f05de8ef683d0aa804c23026bcc287446b61cac657b902ccac/mypy-1.20.2-cp313-cp313-win_arm64.whl", hash = "sha256:a95a9248b0c6fd933a442c03c3b113c3b61320086b88e2c444676d3fd1ca3330", size = 9830560, upload-time = "2026-04-21T17:07:51.023Z" },
    { url = "https://files.pythonhosted.org/packages/28/9a/f23c163e25b11074188251b0b5a0342625fc1cdb6af604757174fa9acc9b/mypy-1.20.2-py3-none-any.whl", hash = "sha256:a94c5a76ab46c5e6257c7972b6c8cff0574201ca7dc05647e33e795d78680563", size = 2637314, upload-time = "2026-04-21T17:05:54.5Z" },
]

[[package]]
name = "mypy-extensions"
version = "1.1.0"
source = { registry = "https://pypi.org/simple" }
sdist = { url = "https://files.pythonhosted.org/packages/a2/6e/371856a3fb9d31ca8dac321cda606860fa4548858c0cc45d9d1d4ca2628b/mypy_extensions-1.1.0.tar.gz", hash = "sha256:52e68efc3284861e772bbcd66823fde5ae21fd2fdb51c62a211403730b916558", size = 6343, upload-time = "2025-04-22T14:54:24.164Z" }
wheels = [
    { url = "https://files.pythonhosted.org/packages/79/7b/2c79738432f5c924bef5071f933bcc9efd0473bac3b4aa584a6f7c1c8df8/mypy_extensions-1.1.0-py3-none-any.whl", hash = "sha256:1be4cccdb0f2482337c4743e60421de3a356cd97508abadd57d47403e94f5505", size = 4963, upload-time = "2025-04-22T14:54:22.983Z" },
]

[[package]]
name = "packaging"
version = "26.3"
source = { registry = "https://pypi.org/simple" }
sdist = { url = "https://files.pythonhosted.org/packages/7d/fa/3944b40b07da9ce895c0e6303a5ab7d53da063554f534556b134a54d6093/packaging-26.3.tar.gz", hash = "sha256:94edc256424af38762eb31306eed28beb9f0efc50a8837492c9d6fd6004aed79", size = 313412, upload-time = "2026-08-04T18:15:28.737Z" }
wheels = [
    { url = "https://files.pythonhosted.org/packages/63/34/ba1c580383c9eada3711951fef0795c80b829a078d72188184bcab9dd527/packaging-26.3-py3-none-any.whl", hash = "sha256:d7193f7c8e4e93f444fde0262bf90af30e16fa0ad0ad44cb553c87339b23cd1c", size = 129956, upload-time = "2026-08-04T18:15:27.159Z" },
]

[[package]]
name = "pathspec"
version = "1.1.1"
source = { registry = "https://pypi.org/simple" }
sdist = { url = "https://files.pythonhosted.org/packages/5a/82/42f767fc1c1143d6fd36efb827202a2d997a375e160a71eb2888a925aac1/pathspec-1.1.1.tar.gz", hash = "sha256:17db5ecd524104a120e173814c90367a96a98d07c45b2e10c2f3919fff91bf5a", size = 135180, upload-time = "2026-04-27T01:46:08.907Z" }
wheels = [
    { url = "https://files.pythonhosted.org/packages/f1/d9/7fb5aa316bc299258e68c73ba3bddbc499654a07f151cba08f6153988714/pathspec-1.1.1-py3-none-any.whl", hash = "sha256:a00ce642f577bf7f473932318056212bc4f8bfdf53128c78bbd5af0b9b20b189", size = 57328, upload-time = "2026-04-27T01:46:07.06Z" },
]

[[package]]
name = "pluggy"
version = "1.6.0"
source = { registry = "https://pypi.org/simple" }
sdist = { url = "https://files.pythonhosted.org/packages/f9/e2/3e91f31a7d2b083fe6ef3fa267035b518369d9511ffab804f839851d2779/pluggy-1.6.0.tar.gz", hash = "sha256:7dcc130b76258d33b90f61b658791dede3486c3e6bfb003ee5c9bfb396dd22f3", size = 69412, upload-time = "2025-05-15T12:30:07.975Z" }
wheels = [
    { url = "https://files.pythonhosted.org/packages/54/20/4d324d65cc6d9205fabedc306948156824eb9f0ee1633355a8f7ec5c66bf/pluggy-1.6.0-py3-none-any.whl", hash = "sha256:e920276dd6813095e9377c0bc5566d94c932c33b27a3e3945d8389c374dd4746", size = 20538, upload-time = "2025-05-15T12:30:06.134Z" },
]

[[package]]
name = "pydantic"
version = "2.13.5"
source = { registry = "https://pypi.org/simple" }
dependencies = [
    { name = "annotated-types" },
    { name = "pydantic-core" },
    { name = "typing-extensions" },
    { name = "typing-inspection" },
]
sdist = { url = "https://files.pythonhosted.org/packages/53/ef/fc4f868f4e2cee79f863883abffceff107875f569b848507319842d2a681/pydantic-2.13.5.tar.gz", hash = "sha256:51a9c5f7b2f8e636f04c6cada605d9b6a3bf1348fdf945a3d8869b19bba0ee08", size = 845750, upload-time = "2026-08-28T14:04:00.916Z" }
wheels = [
    { url = "https://files.pythonhosted.org/packages/eb/47/c95ffc2009878c7aac0c5e08528022dcb885933252a88b5f170058014464/pydantic-2.13.5-py3-none-any.whl", hash = "sha256:346a034f080da3755d8e9cb5e00e8b07de1d39e4f6e2c87d8ab7cafa0b269a73", size = 472589, upload-time = "2026-08-28T14:03:59.136Z" },
]

[[package]]
name = "pydantic-core"
version = "2.46.5"
source = { registry = "https://pypi.org/simple" }
dependencies = [
    { name = "typing-extensions" },
]
sdist = { url = "https://files.pythonhosted.org/packages/af/f9/8a06bea35ef8daf588f707784c973a7046e0034c8d8cfb08828eeffb8b75/pydantic_core-2.46.5.tar.gz", hash = "sha256:10416c15b8839ecc4ef4d0885da76da6fd0f67333a0eb8aff6d93c4b8f2910fc", size = 472262, upload-time = "2026-08-28T10:01:31.677Z" }
wheels = [
    { url = "https://files.pythonhosted.org/packages/f5/37/5abe39a8372a61d3dc3c1338fc504281c01b32fdb3169cd7187153b56d3e/pydantic_core-2.46.5-cp313-cp313-macosx_10_12_x86_64.whl", hash = "sha256:b7ca9034437b6022f941f4857459562ee00a560b97e7cce8a0ec5a74fc6766e0", size = 2075885, upload-time = "2026-08-28T09:58:47.856Z" },
    { url = "https://files.pythonhosted.org/packages/21/43/6323b1f8b217780454c61304bcd2b38ae4762f50754414124603ccc90bb2/pydantic_core-2.46.5-cp313-cp313-macosx_11_0_arm64.whl", hash = "sha256:f332f0e72a5a0400141f830744e141bf9f97917878dbe968669e8a7fefea78ff", size = 1922768, upload-time = "2026-08-28T09:58:49.58Z" },
    { url = "https://files.pythonhosted.org/packages/0f/a3/c05ca796e1197618a774b01e596aeedfefc2f7d8c01ae3054e910b120e8a/pydantic_core-2.46.5-cp313-cp313-manylinux_2_17_aarch64.manylinux2014_aarch64.whl", hash = "sha256:193375f3548919d3f0b60936ca113ada3e38f264f91b9b8e0508efaad57be931", size = 1951241, upload-time = "2026-08-28T09:58:51.511Z" },
    { url = "https://files.pythonhosted.org/packages/68/32/33bc39ac705c52cffc908e8389f9754fdb208aea5c69cceddf4eb3ce99af/pydantic_core-2.46.5-cp313-cp313-manylinux_2_17_armv7l.manylinux2014_armv7l.whl", hash = "sha256:79bdfa52f843137045b2d081cc05c120ba6665d29b7559c2c47690906f39279f", size = 2031975, upload-time = "2026-08-28T09:58:53.166Z" },
    { url = "https://files.pythonhosted.org/packages/b0/70/2333e885c0f6a67bc105c5916965dac9b57f2718ee20d81d1a06a4ebdc13/pydantic_core-2.46.5-cp313-cp313-manylinux_2_17_ppc64le.manylinux2014_ppc64le.whl", hash = "sha256:24922243639cbdac66c75fcb6fd6495a9cb52b213d62f9a0d16f0310b1ff8038", size = 2208542, upload-time = "2026-08-28T09:58:55.017Z" },
    { url = "https://files.pythonhosted.org/packages/f7/ea/296debfb4264207bbda5936133892e027c0a58875ad53ebd512fba8ec3a2/pydantic_core-2.46.5-cp313-cp313-manylinux_2_17_s390x.manylinux2014_s390x.whl", hash = "sha256:c76fe65e607be28c7fd4d56fc3c42b1583aa058ce3408b7ad0fd540171d31f9f", size = 2264692, upload-time = "2026-08-28T09:58:56.767Z" },
    { url = "https://files.pythonhosted.org/packages/d3/f2/9e4de77a6271e07a76d2d58b11c091a979c191ed2939bf80067568b369d2/pydantic_core-2.46.5-cp313-cp313-manylinux_2_17_x86_64.manylinux2014_x86_64.whl", hash = "sha256:6f7b393a8b3da82f5c1fc0751e6d01ac6c55b93c18226a60bdfba4a724efafd1", size = 2066633, upload-time = "2026-08-28T09:58:58.531Z" },
    { url = "https://files.pythonhosted.org/packages/8d/db/f9e9d0c97445987b2084823d5c240de88087338f04fc2cfaa2df186b8049/pydantic_core-2.46.5-cp313-cp313-manylinux_2_31_riscv64.whl", hash = "sha256:7ac031912d54f3d83ef3b3eb98dfabc1608802e2202263d25957eeed40b94761", size = 2105235, upload-time = "2026-08-28T09:59:00.421Z" },
    { url = "https://files.pythonhosted.org/packages/07/c5/79169b047b3b2c3e99e04bc76372af9637e0bf6db638274fa927df96369e/pydantic_core-2.46.5-cp313-cp313-manylinux_2_5_i686.manylinux1_i686.whl", hash = "sha256:837b396ca3d7b74091ca623f6cbd8351bd42d670a79c2683e79fb089f06a2de5", size = 2157367, upload-time = "2026-08-28T09:59:02.442Z" },
    { url = "https://files.pythonhosted.org/packages/26/b5/ba6057afb7c291bd449f51b867f95aef2072941c4ce4e5c31d6ffd132d3b/pydantic_core-2.46.5-cp313-cp313-musllinux_1_1_aarch64.whl", hash = "sha256:5ee239d575f80b08eca11f6e20f90c4c695de7825c67eefe6091fbf20dda648e", size = 2158420, upload-time = "2026-08-28T09:59:04.2Z" },
    { url = "https://files.pythonhosted.org/packages/6e/28/2057abecaafdc22912afa819603a51f0a62d40643b7c4871c51721fea9be/pydantic_core-2.46.5-cp313-cp313-musllinux_1_1_armv7l.whl", hash = "sha256:e80675d75ae2cd14372cb65cad5400d9347a3d3f6c13000183f22dfd027283ed", size = 2309588, upload-time = "2026-08-28T09:59:06.048Z" },
    { url = "https://files.pythonhosted.org/packages/71/9d/881156dc404e27479c4246128d73538464cab4a239bec61995e227644c30/pydantic_core-2.46.5-cp313-cp313-musllinux_1_1_x86_64.whl", hash = "sha256:9c4b71f10dd532fb7a5cbc8f58707779e64f03a258c2bf8bfbaecfcd9970b519", size = 2341866, upload-time = "2026-08-28T09:59:08.539Z" },
    { url = "https://files.pythonhosted.org/packages/5a/38/d66f443a259f84d13babdceae568e572b0ed26da17ca5d0a649ebb110a67/pydantic_core-2.46.5-cp313-cp313-win32.whl", hash = "sha256:97bf8de4d541598c94a59344eeb988a94c08ff76b5723c41f6567ec18c7892ea", size = 1938580, upload-time = "2026-08-28T09:59:10.402Z" },
    { url = "https://files.pythonhosted.org/packages/2c/1e/1d5371213f4cc9a7ed70c0bfcc7911de22311ee99a662a56077d7292d2ac/pydantic_core-2.46.5-cp313-cp313-win_amd64.whl", hash = "sha256:15f4a94963c95accac15b7b657bb177d3ad82bb90b0d0526d9a9b85079925db5", size = 2041980, upload-time = "2026-08-28T09:59:12.396Z" },
    { url = "https://files.pythonhosted.org/packages/5a/48/4222d90b1c67568bace4dec6dca6271449c66de3595d72b6d098f5fde597/pydantic_core-2.46.5-cp313-cp313-win_arm64.whl", hash = "sha256:d22a945598fb91236b4dd793a6e42e4f3dd7740bb5aace5ebd7d4c08d13bb575", size = 1997213, upload-time = "2026-08-28T09:59:14.245Z" },
]

[[package]]
name = "pygments"
version = "2.21.0"
source = { registry = "https://pypi.org/simple" }
sdist = { url = "https://files.pythonhosted.org/packages/49/2e/ced460408999b33da6b31b0021b0f37d329e202d4169aeb164493778f25b/pygments-2.21.0.tar.gz", hash = "sha256:610ca751c9bc2492b38eb9a38a7fbc93edbbb2d7182edaf34e66ae493dee5c8c", size = 5005329, upload-time = "2026-08-17T08:02:48.824Z" }
wheels = [
    { url = "https://files.pythonhosted.org/packages/71/46/17f022dd3e953bf20a04a028a21ec746d942f8d2af30fa0f124fa0e6a684/pygments-2.21.0-py3-none-any.whl", hash = "sha256:2363c69b61c4a97c838da3b130dcd6468f4848992b21a82f2a63ec34377137d9", size = 1250147, upload-time = "2026-08-17T08:02:44.912Z" },
]

[[package]]
name = "pytest"
version = "8.4.2"
source = { registry = "https://pypi.org/simple" }
dependencies = [
    { name = "colorama", marker = "sys_platform == 'win32'" },
    { name = "iniconfig" },
    { name = "packaging" },
    { name = "pluggy" },
    { name = "pygments" },
]
sdist = { url = "https://files.pythonhosted.org/packages/a3/5c/00a0e072241553e1a7496d638deababa67c5058571567b92a7eaa258397c/pytest-8.4.2.tar.gz", hash = "sha256:86c0d0b93306b961d58d62a4db4879f27fe25513d4b969df351abdddb3c30e01", size = 1519618, upload-time = "2025-09-04T14:34:22.711Z" }
wheels = [
    { url = "https://files.pythonhosted.org/packages/a8/a4/20da314d277121d6534b3a980b29035dcd51e6744bd79075a6ce8fa4eb8d/pytest-8.4.2-py3-none-any.whl", hash = "sha256:872f880de3fc3a5bdc88a11b39c9710c3497a547cfa9320bc3c5e62fbf272e79", size = 365750, upload-time = "2025-09-04T14:34:20.226Z" },
]

[[package]]
name = "pytest-cov"
version = "6.3.0"
source = { registry = "https://pypi.org/simple" }
dependencies = [
    { name = "coverage" },
    { name = "pluggy" },
    { name = "pytest" },
]
sdist = { url = "https://files.pythonhosted.org/packages/30/4c/f883ab8f0daad69f47efdf95f55a66b51a8b939c430dadce0611508d9e99/pytest_cov-6.3.0.tar.gz", hash = "sha256:35c580e7800f87ce892e687461166e1ac2bcb8fb9e13aea79032518d6e503ff2", size = 70398, upload-time = "2025-09-06T15:40:14.361Z" }
wheels = [
    { url = "https://files.pythonhosted.org/packages/80/b4/bb7263e12aade3842b938bc5c6958cae79c5ee18992f9b9349019579da0f/pytest_cov-6.3.0-py3-none-any.whl", hash = "sha256:440db28156d2468cafc0415b4f8e50856a0d11faefa38f30906048fe490f1749", size = 25115, upload-time = "2025-09-06T15:40:12.44Z" },
]

[[package]]
name = "ruff"
version = "0.16.8"
source = { registry = "https://pypi.org/simple" }
sdist = { url = "https://files.pythonhosted.org/packages/ba/78/449cb84790bd5cc3823b2652ee405a4558856e5c4195aee3a16bf7b3eb5d/ruff-0.16.8.tar.gz", hash = "sha256:9247bf92b5f04d825c8639a4fe423ec2e4222acd9222e58412b0dab7e442798b", size = 4938814, upload-time = "2026-09-16T15:54:46.688Z" }
wheels = [
    { url = "https://files.pythonhosted.org/packages/ac/25/6071aabc530e9be7e2c195e8fe3f7aea2735405b6cf447212832d7811831/ruff-0.16.8-py3-none-linux_armv6l.whl", hash = "sha256:6ffbd6d87383c1edf5f6fa890f10200950240d7c1a16052a19a09d3a2307dd38", size = 10048966, upload-time = "2026-09-16T15:53:57.605Z" },
    { url = "https://files.pythonhosted.org/packages/54/98/07f90ecbc74dd5fb5764f11f2bc774d6a7cffef92d2ff5f5b4e9e23c754e/ruff-0.16.8-py3-none-macosx_10_12_x86_64.whl", hash = "sha256:42ed6b878ed61e3acca92f2730a17acff39286944ea82398544696366a6f925e", size = 10165498, upload-time = "2026-09-16T15:54:01.14Z" },
    { url = "https://files.pythonhosted.org/packages/fe/1f/e6a712e3b47cad4a40600134105ed193cb773f618a42eb7ba323cb812cc0/ruff-0.16.8-py3-none-macosx_11_0_arm64.whl", hash = "sha256:7ea781c7f2afba8c6a505ea0fb3f994020249e0c450635f5381286fea6b46170", size = 9830004, upload-time = "2026-09-16T15:54:03.998Z" },
    { url = "https://files.pythonhosted.org/packages/23/f2/311a08776d75d81c7676e20b6b020ae63cbe881fcdc7a8dd64e6e18bdd93/ruff-0.16.8-py3-none-manylinux_2_17_aarch64.manylinux2014_aarch64.whl", hash = "sha256:8efeae3bbe414a5efefda11a792dfb51ef90ac48d50c4830de2f644caf3e8659", size = 9986558, upload-time = "2026-09-16T15:54:06.804Z" },
    { url = "https://files.pythonhosted.org/packages/f3/ed/37b6cb3d3ba8c73e68ae3eb1d502383beb5aa05a582bb7bb3a922f929f54/ruff-0.16.8-py3-none-manylinux_2_17_armv7l.manylinux2014_armv7l.whl", hash = "sha256:3a79b795469fef7fc6e908b218eed2eb17332afd85031db6480dc864560e69b2", size = 9877332, upload-time = "2026-09-16T15:54:09.552Z" },
    { url = "https://files.pythonhosted.org/packages/22/cc/40873a8f36ad084cc540d55fcca7077264d5b13b24659e9180c176fb2b08/ruff-0.16.8-py3-none-manylinux_2_17_i686.manylinux2014_i686.whl", hash = "sha256:3fdc5563cdc50555e6fba39322850860e9267c1b3d12c26a74729d8604c3c812", size = 10507125, upload-time = "2026-09-16T15:54:12.152Z" },
    { url = "https://files.pythonhosted.org/packages/c3/e4/fc91a642b78ccbab6b9477720f3644ae7a10a9bcce69a934679cd64f62bc/ruff-0.16.8-py3-none-manylinux_2_17_ppc64le.manylinux2014_ppc64le.whl", hash = "sha256:34508983c70665578dab88f5223d8e6228307e1135398ca8bfc8b7e9501e282b", size = 11336694, upload-time = "2026-09-16T15:54:15.489Z" },
    { url = "https://files.pythonhosted.org/packages/c2/3d/bbd2a9a600a4e73dc3e7548a249c8d1671273464b55822c6fae50f602dff/ruff-0.16.8-py3-none-manylinux_2_17_s390x.manylinux2014_s390x.whl", hash = "sha256:644bb578569e0ffc575741232bd385dacdd6fbe123f1a729e7a225f54aa3957f", size = 10774448, upload-time = "2026-09-16T15:54:18.16Z" },
    { url = "https://files.pythonhosted.org/packages/1a/41/d83af9879a7b6e8bf5fe16b1da0b134049d2f5d3afac12defb0897cb84bd/ruff-0.16.8-py3-none-manylinux_2_17_x86_64.manylinux2014_x86_64.whl", hash = "sha256:15e7d226246961db9235098333caa13063906d3851136b84c2900b82f5daa1df", size = 10323796, upload-time = "2026-09-16T15:54:20.743Z" },
    { url = "https://files.pythonhosted.org/packages/f5/2c/cefd07bfe914b84943ea769ade8d607bd22750b965d3228eefd7cebd15d0/ruff-0.16.8-py3-none-manylinux_2_31_riscv64.whl", hash = "sha256:a2bf6bc3e9ebdd4449abc6f06cf64b98051a2c61cf94d2fe9596518c881f1a1e", size = 10514115, upload-time = "2026-09-16T15:54:23.497Z" },
    { url = "https://files.pythonhosted.org/packages/f3/9d/76a2e26c79a23be6e6e3664c57bec9e9fc8de155cfb9e4b67ea91b64f9d7/ruff-0.16.8-py3-none-musllinux_1_2_aarch64.whl", hash = "sha256:6ca111ba0849539165e9e59d2b442542f3c1e8060ebbdea82494f1ffbccb1e1f", size = 10072582, upload-time = "2026-09-16T15:54:26.185Z" },
    { url = "https://files.pythonhosted.org/packages/2e/d4/f42edddb39668af1a559ceafa3823aedd65633a48dc9768e775485faa2c1/ruff-0.16.8-py3-none-musllinux_1_2_armv7l.whl", hash = "sha256:359a1e5b495448ee1e91018064382ebc86f90e8aac2fed222c7d0e4e8df85fd2", size = 9879644, upload-time = "2026-09-16T15:54:29.278Z" },
    { url = "https://files.pythonhosted.org/packages/f8/d4/913e3195d95e0378786c6656945c865f534a3560e29139da4882aff630d1/ruff-0.16.8-py3-none-musllinux_1_2_i686.whl", hash = "sha256:59e8f5681349474110b24d62e93cfda6593f5fa3473446ca3705200cac1a08b9", size = 10231569, upload-time = "2026-09-16T15:54:32.036Z" },
    { url = "https://files.pythonhosted.org/packages/2b/c4/8aa6ea0bdcedbd1bf87397e2fc4ed8406448ea5842f8660bc6e5f163039d/ruff-0.16.8-py3-none-musllinux_1_2_x86_64.whl", hash = "sha256:efa3e7a16d1baaa79957888dfdf8be9ef2e44db81cb032af06d76632ab59e773", size = 10663666, upload-time = "2026-09-16T15:54:34.838Z" },
    { url = "https://files.pythonhosted.org/packages/3d/02/7f10ef4700bc223c30a3fdd10631a29830c45524b810a3c7ed947af64591/ruff-0.16.8-py3-none-win32.whl", hash = "sha256:55793ba85c69921e89be061426d91a78652d6e50317c962240922747a4eb713f", size = 10093472, upload-time = "2026-09-16T15:54:37.47Z" },
    { url = "https://files.pythonhosted.org/packages/1e/5d/a509c07d714b6da88f2c518b4637cf6f1d46b074be8f0f1e5fb9ff5126fe/ruff-0.16.8-py3-none-win_amd64.whl", hash = "sha256:a6b85621fd3c81e31fc5f5add09c9c078b430db3595ca632efafdec9e64ebfaa", size = 10586899, upload-time = "2026-09-16T15:54:40.488Z" },
    { url = "https://files.pythonhosted.org/packages/fe/a0/50787329e4f20bf9dc9f6230015d46ec69c51a97ace5bc202dae4755365d/ruff-0.16.8-py3-none-win_arm64.whl", hash = "sha256:d075e820af612102ce217f07cc93e69f9490b10ec13ea85fa87bd03d996cef8a", size = 10386316, upload-time = "2026-09-16T15:54:43.332Z" },
]

[[package]]
name = "starlette"
version = "1.6.0"
source = { registry = "https://pypi.org/simple" }
dependencies = [
    { name = "anyio" },
]
sdist = { url = "https://files.pythonhosted.org/packages/b5/b4/205b0d5241d934e8add0c38aa924c4f9fb7330834ff11e5444db964ec3f9/starlette-1.6.0.tar.gz", hash = "sha256:d4e3ac5e546444960c710297a3c9fc3f7ebae1b7e963f3d36173b49da535be9b", size = 2716969, upload-time = "2026-08-08T18:27:57.512Z" }
wheels = [
    { url = "https://files.pythonhosted.org/packages/c8/cb/6a6a47d5b464bd08695d254f3da6e7986cc70c9fa5d778eda57538edfe56/starlette-1.6.0-py3-none-any.whl", hash = "sha256:a86dd39d14bb45f85a3d18525215a9ef0cfd1f192ac793220e72598c90335f0c", size = 75969, upload-time = "2026-08-08T18:27:56.196Z" },
]

[[package]]
name = "typing-extensions"
version = "4.16.0"
source = { registry = "https://pypi.org/simple" }
sdist = { url = "https://files.pythonhosted.org/packages/f6/cc/6253133b5bb138fc3306cebfbda2c520f545d36b5be2c7255cc528bb45d6/typing_extensions-4.16.0.tar.gz", hash = "sha256:dc983d19a509c94dba722ee6abd33940f7c05a89e243c47e907eb4db6f1a43e5", size = 113555, upload-time = "2026-07-02T08:40:05.92Z" }
wheels = [
    { url = "https://files.pythonhosted.org/packages/49/d3/b8441a820a491ddfc024b0b0cf0393375b75ea13866d9c66727e54c2fc80/typing_extensions-4.16.0-py3-none-any.whl", hash = "sha256:481caa481374e813c1b176ada14e97f1f67a4539ce9cfeb3f350d78d6370c2e8", size = 45571, upload-time = "2026-07-02T08:40:04.659Z" },
]

[[package]]
name = "typing-inspection"
version = "0.4.4"
source = { registry = "https://pypi.org/simple" }
dependencies = [
    { name = "typing-extensions" },
]
sdist = { url = "https://files.pythonhosted.org/packages/a3/26/b09b8010994eccc3c09092e6b34058f36a460eea2d4c3e8b910c695975a0/typing_inspection-0.4.4.tar.gz", hash = "sha256:547274fa6b0a561ccf549cc9524b999a578e737d015d8709d021f9d0d13bea47", size = 76928, upload-time = "2026-08-12T12:37:25.997Z" }
wheels = [
    { url = "https://files.pythonhosted.org/packages/67/81/4add07e5172b7ac40d8ed5ff580409a7801a4fe26d529bdd915401dabfbe/typing_inspection-0.4.4-py3-none-any.whl", hash = "sha256:65b8397ba37ccbce054456aaccddfc91e6e3083c92824df348d96ca832f3f147", size = 14750, upload-time = "2026-08-12T12:37:24.648Z" },
]
